
Microsoft Visual Studio Solution File, Format Version 12.00
# Visual Studio Version 16
VisualStudioVersion = 16.0.30406.217
MinimumVisualStudioVersion = 10.0.40219.1
Project("{8BC9CEB8-8B4A-11D0-8D11-00A0C91BC942}") = "Vigenere_Cypher", "Vigenere_Cypher\Vigenere_Cypher.vcxproj", "{10F82BD6-ECB6-4F8A-8D2B-76072C2D3588}"
EndProject
Global
	GlobalSection(SolutionConfigurationPlatforms) = preSolution
		Debug|x64 = Debug|x64
		Debug|x86 = Debug|x86
		Release|x64 = Release|x64
		Release|x86 = Release|x86
	EndGlobalSection
	GlobalSection(ProjectConfigurationPlatforms) = postSolution
		{10F82BD6-ECB6-4F8A-8D2B-76072C2D3588}.Debug|x64.ActiveCfg = Debug|x64
		{10F82BD6-ECB6-4F8A-8D2B-76072C2D3588}.Debug|x64.Build.0 = Debug|x64
		{10F82BD6-ECB6-4F8A-8D2B-76072C2D3588}.Debug|x86.ActiveCfg = Debug|Win32
		{10F82BD6-ECB6-4F8A-8D2B-76072C2D3588}.Debug|x86.Build.0 = Debug|Win32
		{10F82BD6-ECB6-4F8A-8D2B-76072C2D3588}.Release|x64.ActiveCfg = Release|x64
		{10F82BD6-ECB6-4F8A-8D2B-76072C2D3588}.Release|x64.Build.0 = Release|x64
		{10F82BD6-ECB6-4F8A-8D2B-76072C2D3588}.Release|x86.ActiveCfg = Release|Win32
		{10F82BD6-ECB6-4F8A-8D2B-76072C2D3588}.Release|x86.Build.0 = Release|Win32
	EndGlobalSection
	GlobalSection(SolutionProperties) = preSolution
		HideSolutionNode = FALSE
	EndGlobalSection
	GlobalSection(ExtensibilityGlobals) = postSolution
		SolutionGuid = {298B171B-57DD-4C0C-A9F3-8C2E6FFF1461}
	EndGlobalSection
EndGlobal
